
Microsoft Visual Studio Solution File, Format Version 12.00
# Visual Studio Version 16
VisualStudioVersion = 16.0.31911.196
MinimumVisualStudioVersion = 10.0.40219.1
Project("{FAE04EC0-301F-11D3-BF4B-00C04F79EFBC}") = "lab10-web-application", "lab10-web-application\lab10-web-application.csproj", "{753A27DC-6AE0-4112-B566-201A381E0B55}"
EndProject
Global
	GlobalSection(SolutionConfigurationPlatforms) = preSolution
		Debug|Any CPU = Debug|Any CPU
		Release|Any CPU = Release|Any CPU
	EndGlobalSection
	GlobalSection(ProjectConfigurationPlatforms) = postSolution
		{753A27DC-6AE0-4112-B566-201A381E0B55}.Debug|Any CPU.ActiveCfg = Debug|Any CPU
		{753A27DC-6AE0-4112-B566-201A381E0B55}.Debug|Any CPU.Build.0 = Debug|Any CPU
		{753A27DC-6AE0-4112-B566-201A381E0B55}.Release|Any CPU.ActiveCfg = Release|Any CPU
		{753A27DC-6AE0-4112-B566-201A381E0B55}.Release|Any CPU.Build.0 = Release|Any CPU
	EndGlobalSection
	GlobalSection(SolutionProperties) = preSolution
		HideSolutionNode = FALSE
	EndGlobalSection
	GlobalSection(ExtensibilityGlobals) = postSolution
		SolutionGuid = {04EF286A-7E7E-44A0-BBCE-009424AF0163}
	EndGlobalSection
EndGlobal
