
Microsoft Visual Studio Solution File, Format Version 12.00
# Visual Studio Version 16
VisualStudioVersion = 16.0.31911.196
MinimumVisualStudioVersion = 10.0.40219.1
Project("{FAE04EC0-301F-11D3-BF4B-00C04F79EFBC}") = "lab11-web-application", "lab11-web-application\lab11-web-application.csproj", "{90E86FFB-5216-453C-9796-9CCBFD81AB08}"
EndProject
Project("{FAE04EC0-301F-11D3-BF4B-00C04F79EFBC}") = "BMIControl", "BMIControl\BMIControl.csproj", "{3768EBCB-66A0-4639-983C-B43C8C8CE866}"
EndProject
Global
	GlobalSection(SolutionConfigurationPlatforms) = preSolution
		Debug|Any CPU = Debug|Any CPU
		Release|Any CPU = Release|Any CPU
	EndGlobalSection
	GlobalSection(ProjectConfigurationPlatforms) = postSolution
		{90E86FFB-5216-453C-9796-9CCBFD81AB08}.Debug|Any CPU.ActiveCfg = Debug|Any CPU
		{90E86FFB-5216-453C-9796-9CCBFD81AB08}.Debug|Any CPU.Build.0 = Debug|Any CPU
		{90E86FFB-5216-453C-9796-9CCBFD81AB08}.Release|Any CPU.ActiveCfg = Release|Any CPU
		{90E86FFB-5216-453C-9796-9CCBFD81AB08}.Release|Any CPU.Build.0 = Release|Any CPU
		{3768EBCB-66A0-4639-983C-B43C8C8CE866}.Debug|Any CPU.ActiveCfg = Debug|Any CPU
		{3768EBCB-66A0-4639-983C-B43C8C8CE866}.Debug|Any CPU.Build.0 = Debug|Any CPU
		{3768EBCB-66A0-4639-983C-B43C8C8CE866}.Release|Any CPU.ActiveCfg = Release|Any CPU
		{3768EBCB-66A0-4639-983C-B43C8C8CE866}.Release|Any CPU.Build.0 = Release|Any CPU
	EndGlobalSection
	GlobalSection(SolutionProperties) = preSolution
		HideSolutionNode = FALSE
	EndGlobalSection
	GlobalSection(ExtensibilityGlobals) = postSolution
		SolutionGuid = {1C1762A3-A7F8-44C6-9CCD-F6537BFC2C4A}
	EndGlobalSection
EndGlobal
