
Microsoft Visual Studio Solution File, Format Version 12.00
# Visual Studio Version 17
VisualStudioVersion = 17.1.32421.90
MinimumVisualStudioVersion = 10.0.40219.1
Project("{FAE04EC0-301F-11D3-BF4B-00C04F79EFBC}") = "RESTClient", "RESTClient.csproj", "{BFCF6C3D-A6BA-463C-AA12-193DD41A6314}"
EndProject
Global
	GlobalSection(SolutionConfigurationPlatforms) = preSolution
		Debug|Any CPU = Debug|Any CPU
		Release|Any CPU = Release|Any CPU
	EndGlobalSection
	GlobalSection(ProjectConfigurationPlatforms) = postSolution
		{BFCF6C3D-A6BA-463C-AA12-193DD41A6314}.Debug|Any CPU.ActiveCfg = Debug|Any CPU
		{BFCF6C3D-A6BA-463C-AA12-193DD41A6314}.Debug|Any CPU.Build.0 = Debug|Any CPU
		{BFCF6C3D-A6BA-463C-AA12-193DD41A6314}.Release|Any CPU.ActiveCfg = Release|Any CPU
		{BFCF6C3D-A6BA-463C-AA12-193DD41A6314}.Release|Any CPU.Build.0 = Release|Any CPU
	EndGlobalSection
	GlobalSection(SolutionProperties) = preSolution
		HideSolutionNode = FALSE
	EndGlobalSection
	GlobalSection(ExtensibilityGlobals) = postSolution
		SolutionGuid = {A2157A71-691D-4A0F-B6DD-D81B9FEA1146}
	EndGlobalSection
EndGlobal
