
Microsoft Visual Studio Solution File, Format Version 12.00
# Visual Studio Version 17
VisualStudioVersion = 17.1.32319.34
MinimumVisualStudioVersion = 10.0.40219.1
Project("{FAE04EC0-301F-11D3-BF4B-00C04F79EFBC}") = "DT6", "DT6\DT6.csproj", "{03E44A27-1625-4F53-B3B0-2E8AFF2B0E83}"
EndProject
Global
	GlobalSection(SolutionConfigurationPlatforms) = preSolution
		Debug|Any CPU = Debug|Any CPU
		Release|Any CPU = Release|Any CPU
	EndGlobalSection
	GlobalSection(ProjectConfigurationPlatforms) = postSolution
		{03E44A27-1625-4F53-B3B0-2E8AFF2B0E83}.Debug|Any CPU.ActiveCfg = Debug|Any CPU
		{03E44A27-1625-4F53-B3B0-2E8AFF2B0E83}.Debug|Any CPU.Build.0 = Debug|Any CPU
		{03E44A27-1625-4F53-B3B0-2E8AFF2B0E83}.Release|Any CPU.ActiveCfg = Release|Any CPU
		{03E44A27-1625-4F53-B3B0-2E8AFF2B0E83}.Release|Any CPU.Build.0 = Release|Any CPU
	EndGlobalSection
	GlobalSection(SolutionProperties) = preSolution
		HideSolutionNode = FALSE
	EndGlobalSection
	GlobalSection(ExtensibilityGlobals) = postSolution
		SolutionGuid = {78357ADC-526A-4373-AC91-82E87F22C65D}
	EndGlobalSection
EndGlobal
