
Microsoft Visual Studio Solution File, Format Version 12.00
# Visual Studio Version 17
VisualStudioVersion = 17.0.32112.339
MinimumVisualStudioVersion = 10.0.40219.1
Project("{FAE04EC0-301F-11D3-BF4B-00C04F79EFBC}") = "DN3", "DN3\DN3.csproj", "{B56C18DA-7EDE-42DD-8142-6DCFE9D369DC}"
EndProject
Global
	GlobalSection(SolutionConfigurationPlatforms) = preSolution
		Debug|Any CPU = Debug|Any CPU
		Release|Any CPU = Release|Any CPU
	EndGlobalSection
	GlobalSection(ProjectConfigurationPlatforms) = postSolution
		{B56C18DA-7EDE-42DD-8142-6DCFE9D369DC}.Debug|Any CPU.ActiveCfg = Debug|Any CPU
		{B56C18DA-7EDE-42DD-8142-6DCFE9D369DC}.Debug|Any CPU.Build.0 = Debug|Any CPU
		{B56C18DA-7EDE-42DD-8142-6DCFE9D369DC}.Release|Any CPU.ActiveCfg = Release|Any CPU
		{B56C18DA-7EDE-42DD-8142-6DCFE9D369DC}.Release|Any CPU.Build.0 = Release|Any CPU
	EndGlobalSection
	GlobalSection(SolutionProperties) = preSolution
		HideSolutionNode = FALSE
	EndGlobalSection
	GlobalSection(ExtensibilityGlobals) = postSolution
		SolutionGuid = {118C75DD-710A-4239-AFA1-CE9B9AC538FB}
	EndGlobalSection
EndGlobal
